
Microsoft Visual Studio Solution File, Format Version 12.00
# Visual Studio Version 17
VisualStudioVersion = 17.8.34525.116
MinimumVisualStudioVersion = 10.0.40219.1
Project("{FAE04EC0-301F-11D3-BF4B-00C04F79EFBC}") = "lab", "lab\lab.csproj", "{51674611-2F68-4754-9D41-A1C9FCAF81F2}"
EndProject
Global
	GlobalSection(SolutionConfigurationPlatforms) = preSolution
		Debug|Any CPU = Debug|Any CPU
		Release|Any CPU = Release|Any CPU
	EndGlobalSection
	GlobalSection(ProjectConfigurationPlatforms) = postSolution
		{51674611-2F68-4754-9D41-A1C9FCAF81F2}.Debug|Any CPU.ActiveCfg = Debug|Any CPU
		{51674611-2F68-4754-9D41-A1C9FCAF81F2}.Debug|Any CPU.Build.0 = Debug|Any CPU
		{51674611-2F68-4754-9D41-A1C9FCAF81F2}.Release|Any CPU.ActiveCfg = Release|Any CPU
		{51674611-2F68-4754-9D41-A1C9FCAF81F2}.Release|Any CPU.Build.0 = Release|Any CPU
	EndGlobalSection
	GlobalSection(SolutionProperties) = preSolution
		HideSolutionNode = FALSE
	EndGlobalSection
	GlobalSection(ExtensibilityGlobals) = postSolution
		SolutionGuid = {680F3E71-7343-4AE0-9745-A56C7A06C2BF}
	EndGlobalSection
EndGlobal
